{
  "version": 4,
  "terraform_version": "0.12.26",
  "serial": 14,
  "lineage": "ada34a48-7244-85c2-ea1e-1befad77288c",
  "outputs": {},
  "resources": [
    {
      "mode": "data",
      "type": "aws_ami",
      "name": "core-cis-ubuntu",
      "provider": "provider.aws",
      "instances": [
        {
          "schema_version": 0,
          "attributes": {
            "architecture": "x86_64",
            "block_device_mappings": [
              {
                "device_name": "/dev/sda1",
                "ebs": {
                  "delete_on_termination": "true",
                  "encrypted": "true",
                  "iops": "0",
                  "snapshot_id": "snap-0b4270a429c334407",
                  "volume_size": "108",
                  "volume_type": "gp2"
                },
                "no_device": "",
                "virtual_name": ""
              },
              {
                "device_name": "/dev/sdb",
                "ebs": {
                  "delete_on_termination": "true",
                  "encrypted": "true",
                  "iops": "0",
                  "snapshot_id": "snap-09a48d4637d615afd",
                  "volume_size": "100",
                  "volume_type": "gp2"
                },
                "no_device": "",
                "virtual_name": ""
              }
            ],
            "creation_date": "2020-06-01T15:28:20.000Z",
            "description": "Medidata Ubuntu 16.04 CIS Core image",
            "executable_users": null,
            "filter": [
              {
                "name": "name",
                "values": [
                  "mdsol-ubuntu-1604-cis-2020-*"
                ]
              }
            ],
            "hypervisor": "xen",
            "id": "ami-09ed6f453f6496259",
            "image_id": "ami-09ed6f453f6496259",
            "image_location": "767904627276/mdsol-ubuntu-1604-cis-2020-06-01-i-090094fda928fe907",
            "image_owner_alias": null,
            "image_type": "machine",
            "kernel_id": null,
            "most_recent": true,
            "name": "mdsol-ubuntu-1604-cis-2020-06-01-i-090094fda928fe907",
            "name_regex": null,
            "owner_id": "767904627276",
            "owners": [
              "767904627276"
            ],
            "platform": null,
            "product_codes": [
              {
                "product_code_id": "2l0khimiqztu90zd64xu99tz5",
                "product_code_type": "marketplace"
              }
            ],
            "public": false,
            "ramdisk_id": null,
            "root_device_name": "/dev/sda1",
            "root_device_type": "ebs",
            "root_snapshot_id": "snap-0b4270a429c334407",
            "sriov_net_support": "simple",
            "state": "available",
            "state_reason": {
              "code": "UNSET",
              "message": "UNSET"
            },
            "tags": {
              "Archive": "False",
              "Availability": "General",
              "Build": "infrastructure",
              "Description": "Medidata Ubuntu 16.04 CIS Core image",
              "Encrypted": "True",
              "ExcludeUserData": "true",
              "Name": "mdsol-ubuntu-1604-cis-2020-06-01-i-090094fda928fe907",
              "OS": "ubuntu::16.04",
              "Provenance": "ami-0097a220e86d0838a",
              "SourceImage": "True",
              "Stack": "Core"
            },
            "virtualization_type": "hvm"
          }
        }
      ]
    },
    {
      "mode": "data",
      "type": "aws_iam_policy",
      "name": "infra_policy",
      "provider": "provider.aws",
      "instances": [
        {
          "schema_version": 0,
          "attributes": {
            "arn": "arn:aws:iam::767904627276:policy/cloudinfr-base",
            "description": "Base policy for Cloud Infrastructure required permissions",
            "id": "arn:aws:iam::767904627276:policy/cloudinfr-base",
            "name": "cloudinfr-base",
            "path": "/",
            "policy": "{\n    \"Version\": \"2012-10-17\",\n    \"Statement\": [\n        {\n            \"Sid\": \"VisualEditor0\",\n            \"Effect\": \"Allow\",\n            \"Action\": [\n                \"cloudwatch:PutMetricData\",\n                \"ds:CreateComputer\",\n                \"ssm:ListInstanceAssociations\",\n                \"cloudwatch:Describe*\",\n                \"ec2:GetConsoleScreenshot\",\n                \"ssm:UpdateAssociationStatus\",\n                \"logs:CreateLogStream\",\n                \"ssm:UpdateInstanceInformation\",\n                \"elasticloadbalancing:Describe*\",\n                \"ssm:PutComplianceItems\",\n                \"ec2messages:AcknowledgeMessage\",\n                \"ssm:GetParameters\",\n                \"cloudwatch:GetMetricStatistics\",\n                \"logs:CreateLogGroup\",\n                \"s3:ListMultipartUploadParts\",\n                \"s3:PutObject\",\n                \"s3:GetObject\",\n                \"ec2messages:SendReply\",\n                \"autoscaling:Describe*\",\n                \"ssm:DescribeDocument\",\n                \"ec2messages:GetEndpoint\",\n                \"logs:DescribeLogStreams\",\n                \"ec2messages:GetMessages\",\n                \"ssmmessages:OpenControlChannel\",\n                \"s3:ListBucket\",\n                \"ssm:PutConfigurePackageResult\",\n                \"cloudwatch:ListMetrics\",\n                \"ec2:GetConsoleOutput\",\n                \"ssm:GetManifest\",\n                \"s3:GetEncryptionConfiguration\",\n                \"ec2messages:DeleteMessage\",\n                \"s3:AbortMultipartUpload\",\n                \"ec2messages:FailMessage\",\n                \"ssmmessages:OpenDataChannel\",\n                \"ssm:GetDocument\",\n                \"ec2:DescribeInstanceStatus\",\n                \"ssm:DescribeAssociation\",\n                \"s3:ListBucketMultipartUploads\",\n                \"logs:DescribeLogGroups\",\n                \"ssm:GetDeployablePatchSnapshotForInstance\",\n                \"ec2:DescribeTags\",\n                \"ssmmessages:CreateControlChannel\",\n                \"logs:PutLogEvents\",\n                \"ssmmessages:CreateDataChannel\",\n                \"ssm:PutInventory\",\n                \"ec2:Describe*\",\n                \"ds:DescribeDirectories\",\n                \"ssm:ListAssociations\",\n                \"ssm:UpdateInstanceAssociationStatus\",\n                \"ssm:DescribeDocument\"\n            ],\n            \"Resource\": \"*\"\n        },\n        {\n            \"Sid\": \"VisualEditor1\",\n            \"Effect\": \"Allow\",\n            \"Action\": [\n                \"kms:GetParametersForImport\",\n                \"kms:Decrypt\",\n                \"kms:GetKeyRotationStatus\",\n                \"kms:Encrypt\",\n                \"ec2:CreateTags\",\n                \"kms:GetKeyPolicy\",\n                \"kms:ReEncryptTo\",\n                \"kms:DescribeKey\",\n                \"kms:ListResourceTags\",\n                \"kms:ReEncryptFrom\"\n            ],\n            \"Resource\": [\n                \"arn:aws:ec2:*:*:instance/*\",\n                \"arn:aws:kms:*:*:key/efc24442-e14c-49cc-ad6b-79bea1fd3a47\"\n            ]\n        },\n        {\n            \"Sid\": \"VisualEditor2\",\n            \"Effect\": \"Allow\",\n            \"Action\": [\n                \"ssm:PutParameter\",\n                \"ssm:GetParameter\"\n            ],\n            \"Resource\": [\n                \"arn:aws:ssm:*:*:parameter/AmazonCloudWatch-*\",\n                \"arn:aws:ec2:*:*:instance/*\"\n            ]\n        },\n        {\n            \"Sid\": \"VisualEditor3\",\n            \"Effect\": \"Allow\",\n            \"Action\": [\n                \"ssm:GetParameterHistory\",\n                \"ssm:GetParametersByPath\",\n                \"ssm:GetParameters\",\n                \"ssm:GetParameter\"\n            ],\n            \"Resource\": \"arn:aws:ssm:*:*:parameter/infrastructure/*\"\n        },\n        {\n            \"Sid\": \"VisualEditor4\",\n            \"Effect\": \"Allow\",\n            \"Action\": [\n                \"s3:Get*\",\n                \"s3:List*\",\n                \"s3:Put*\"\n            ],\n            \"Resource\": [\n                \"arn:aws:s3:::operations-*/*\",\n                \"arn:aws:s3:::cloud.infrastructure/*\"\n            ]\n        }\n    ]\n}"
          }
        }
      ]
    },
    {
      "mode": "data",
      "type": "aws_instances",
      "name": "infra_instance",
      "provider": "provider.aws",
      "instances": []
    },
    {
      "mode": "managed",
      "type": "aws_elb",
      "name": "infra_load_balancer",
      "provider": "provider.aws",
      "instances": []
    },
    {
      "mode": "managed",
      "type": "aws_iam_role",
      "name": "infra_role",
      "provider": "provider.aws",
      "instances": [
        {
          "schema_version": 0,
          "attributes": {
            "arn": "arn:aws:iam::767904627276:role/cwarnerterra-sandbox",
            "assume_role_policy": "{\"Version\":\"2012-10-17\",\"Statement\":[{\"Sid\":\"\",\"Effect\":\"Allow\",\"Principal\":{\"Service\":\"ec2.amazonaws.com\"},\"Action\":\"sts:AssumeRole\"}]}",
            "create_date": "2020-06-09T20:47:49Z",
            "description": "",
            "force_detach_policies": false,
            "id": "cwarnerterra-sandbox",
            "max_session_duration": 3600,
            "name": "cwarnerterra-sandbox",
            "name_prefix": null,
            "path": "/",
            "permissions_boundary": null,
            "tags": {},
            "unique_id": "AROA3FSVOXJGG7IM2LGJL"
          },
          "private": "bnVsbA=="
        }
      ]
    },
    {
      "mode": "managed",
      "type": "aws_iam_role_policy_attachment",
      "name": "always_attach_cloudinfr_base",
      "provider": "provider.aws",
      "instances": [
        {
          "schema_version": 0,
          "attributes": {
            "id": "cwarnerterra-sandbox-20200609204750025300000001",
            "policy_arn": "arn:aws:iam::767904627276:policy/cloudinfr-base",
            "role": "cwarnerterra-sandbox"
          },
          "private": "bnVsbA==",
          "dependencies": [
            "aws_iam_role.infra_role"
          ]
        }
      ]
    },
    {
      "mode": "managed",
      "type": "aws_instance",
      "name": "infra_instance",
      "each": "list",
      "provider": "provider.aws",
      "instances": []
    },
    {
      "mode": "managed",
      "type": "aws_route53_record",
      "name": "infra_dns_record",
      "provider": "provider.aws",
      "instances": []
    },
    {
      "mode": "managed",
      "type": "aws_route53_zone",
      "name": "infra_dns",
      "provider": "provider.aws",
      "instances": [
        {
          "schema_version": 0,
          "attributes": {
            "comment": "Managed by Terraform",
            "delegation_set_id": "",
            "force_destroy": false,
            "id": "Z0249791UHCFDI7HLY68",
            "name": "imedidata.net.",
            "name_servers": [
              "ns-1206.awsdns-22.org",
              "ns-1661.awsdns-15.co.uk",
              "ns-313.awsdns-39.com",
              "ns-697.awsdns-23.net"
            ],
            "tags": {},
            "vpc": [],
            "vpc_id": null,
            "vpc_region": null,
            "zone_id": "Z0249791UHCFDI7HLY68"
          },
          "private": "bnVsbA=="
        }
      ]
    },
    {
      "mode": "managed",
      "type": "aws_security_group",
      "name": "infra_secgroup",
      "provider": "provider.aws",
      "instances": [
        {
          "schema_version": 1,
          "attributes": {
            "arn": "arn:aws:ec2:us-east-1:767904627276:security-group/sg-06259628be4360ef2",
            "description": "cwarnerterra-sandbox default secgroup",
            "egress": [
              {
                "cidr_blocks": [
                  "0.0.0.0/0"
                ],
                "description": "",
                "from_port": 0,
                "ipv6_cidr_blocks": [],
                "prefix_list_ids": [],
                "protocol": "-1",
                "security_groups": [],
                "self": false,
                "to_port": 0
              }
            ],
            "id": "sg-06259628be4360ef2",
            "ingress": [
              {
                "cidr_blocks": [],
                "description": "All traffic",
                "from_port": 0,
                "ipv6_cidr_blocks": [],
                "prefix_list_ids": [],
                "protocol": "-1",
                "security_groups": [],
                "self": true,
                "to_port": 0
              },
              {
                "cidr_blocks": [],
                "description": "http",
                "from_port": 80,
                "ipv6_cidr_blocks": [],
                "prefix_list_ids": [],
                "protocol": "tcp",
                "security_groups": [],
                "self": true,
                "to_port": 80
              },
              {
                "cidr_blocks": [],
                "description": "https",
                "from_port": 443,
                "ipv6_cidr_blocks": [],
                "prefix_list_ids": [],
                "protocol": "tcp",
                "security_groups": [],
                "self": true,
                "to_port": 443
              },
              {
                "cidr_blocks": [],
                "description": "unknown",
                "from_port": 27000,
                "ipv6_cidr_blocks": [],
                "prefix_list_ids": [],
                "protocol": "tcp",
                "security_groups": [],
                "self": true,
                "to_port": 27009
              },
              {
                "cidr_blocks": [],
                "description": "unknown",
                "from_port": 8000,
                "ipv6_cidr_blocks": [],
                "prefix_list_ids": [],
                "protocol": "tcp",
                "security_groups": [],
                "self": true,
                "to_port": 9000
              },
              {
                "cidr_blocks": [],
                "description": "unknown",
                "from_port": 8850,
                "ipv6_cidr_blocks": [],
                "prefix_list_ids": [],
                "protocol": "tcp",
                "security_groups": [],
                "self": true,
                "to_port": 8850
              }
            ],
            "name": "cwarnerterra-sandbox",
            "name_prefix": null,
            "owner_id": "767904627276",
            "revoke_rules_on_delete": false,
            "tags": {},
            "timeouts": null,
            "vpc_id": "vpc-be39dfda"
          },
          "private": "eyJlMmJmYjczMC1lY2FhLTExZTYtOGY4OC0zNDM2M2JjN2M0YzAiOnsiY3JlYXRlIjo2MDAwMDAwMDAwMDAsImRlbGV0ZSI6NjAwMDAwMDAwMDAwfSwic2NoZW1hX3ZlcnNpb24iOiIxIn0="
        }
      ]
    }
  ]
}
